// !$*UTF8*$!
{
	archiveVersion = 1;
	classes = {
	};
	objectVersion = 46;
	objects = {

/* Begin PBXBuildFile section */
		5207A0EF1F21A53B002A2838 /* NSFW_Words.plist in Resources */ = {isa = PBXBuildFile; fileRef = 5207A0EE1F21A53B002A2838 /* NSFW_Words.plist */; };
		5207A0F11F21B098002A2838 /* Family_Words.plist in Resources */ = {isa = PBXBuildFile; fileRef = 5207A0F01F21B098002A2838 /* Family_Words.plist */; };
		5207A0F31F21D48C002A2838 /* RandomTimer.swift in Sources */ = {isa = PBXBuildFile; fileRef = 5207A0F21F21D48C002A2838 /* RandomTimer.swift */; };
		5207A0F91F243494002A2838 /* GamePlayViewController.swift in Sources */ = {isa = PBXBuildFile; fileRef = 5207A0F81F243494002A2838 /* GamePlayViewController.swift */; };
		521BA0A61F20533700BEA768 /* Test_Words.plist in Resources */ = {isa = PBXBuildFile; fileRef = 521BA0A51F20533700BEA768 /* Test_Words.plist */; };
		521BA0A81F20562B00BEA768 /* WordPListParser.swift in Sources */ = {isa = PBXBuildFile; fileRef = 521BA0A71F20562B00BEA768 /* WordPListParser.swift */; };
		5239B20E1F1DDA0200ECF63D /* AppDelegate.swift in Sources */ = {isa = PBXBuildFile; fileRef = 5239B20D1F1DDA0200ECF63D /* AppDelegate.swift */; };
		5239B2101F1DDA0200ECF63D /* ViewController.swift in Sources */ = {isa = PBXBuildFile; fileRef = 5239B20F1F1DDA0200ECF63D /* ViewController.swift */; };
		5239B2131F1DDA0200ECF63D /* Main.storyboard in Resources */ = {isa = PBXBuildFile; fileRef = 5239B2111F1DDA0200ECF63D /* Main.storyboard */; };
		5239B2161F1DDA0200ECF63D /* NSFWords.xcdatamodeld in Sources */ = {isa = PBXBuildFile; fileRef = 5239B2141F1DDA0200ECF63D /* NSFWords.xcdatamodeld */; };
		5239B2181F1DDA0200ECF63D /* Assets.xcassets in Resources */ = {isa = PBXBuildFile; fileRef = 5239B2171F1DDA0200ECF63D /* Assets.xcassets */; };
		5239B21B1F1DDA0200ECF63D /* LaunchScreen.storyboard in Resources */ = {isa = PBXBuildFile; fileRef = 5239B2191F1DDA0200ECF63D /* LaunchScreen.storyboard */; };
		5239B2261F1DDA0300ECF63D /* NSFWordsTests.swift in Sources */ = {isa = PBXBuildFile; fileRef = 5239B2251F1DDA0300ECF63D /* NSFWordsTests.swift */; };
		5239B2321F1EF9FF00ECF63D /* ClueWord.swift in Sources */ = {isa = PBXBuildFile; fileRef = 5239B2311F1EF9FF00ECF63D /* ClueWord.swift */; };
		5239B2341F1EFCC400ECF63D /* ClueManager.swift in Sources */ = {isa = PBXBuildFile; fileRef = 5239B2331F1EFCC400ECF63D /* ClueManager.swift */; };
/* End PBXBuildFile section */

/* Begin PBXContainerItemProxy section */
		5239B2221F1DDA0300ECF63D /* PBXContainerItemProxy */ = {
			isa = PBXContainerItemProxy;
			containerPortal = 5239B2021F1DDA0100ECF63D /* Project object */;
			proxyType = 1;
			remoteGlobalIDString = 5239B2091F1DDA0100ECF63D;
			remoteInfo = NSFWords;
		};
/* End PBXContainerItemProxy section */

/* Begin PBXFileReference section */
		5207A0EE1F21A53B002A2838 /* NSFW_Words.plist */ = {isa = PBXFileReference; fileEncoding = 4; lastKnownFileType = text.plist.xml; path = NSFW_Words.plist; sourceTree = "<group>"; };
		5207A0F01F21B098002A2838 /* Family_Words.plist */ = {isa = PBXFileReference; fileEncoding = 4; lastKnownFileType = text.plist.xml; path = Family_Words.plist; sourceTree = "<group>"; };
		5207A0F21F21D48C002A2838 /* RandomTimer.swift */ = {isa = PBXFileReference; fileEncoding = 4; lastKnownFileType = sourcecode.swift; path = RandomTimer.swift; sourceTree = "<group>"; };
		5207A0F81F243494002A2838 /* GamePlayViewController.swift */ = {isa = PBXFileReference; fileEncoding = 4; lastKnownFileType = sourcecode.swift; name = GamePlayViewController.swift; path = ../GamePlayViewController.swift; sourceTree = "<group>"; };
		521BA0A51F20533700BEA768 /* Test_Words.plist */ = {isa = PBXFileReference; fileEncoding = 4; lastKnownFileType = text.plist.xml; path = Test_Words.plist; sourceTree = "<group>"; };
		521BA0A71F20562B00BEA768 /* WordPListParser.swift */ = {isa = PBXFileReference; fileEncoding = 4; lastKnownFileType = sourcecode.swift; path = WordPListParser.swift; sourceTree = "<group>"; };
		5239B20A1F1DDA0200ECF63D /* NSFWords.app */ = {isa = PBXFileReference; explicitFileType = wrapper.application; includeInIndex = 0; path = NSFWords.app; sourceTree = BUILT_PRODUCTS_DIR; };
		5239B20D1F1DDA0200ECF63D /* AppDelegate.swift */ = {isa = PBXFileReference; lastKnownFileType = sourcecode.swift; path = AppDelegate.swift; sourceTree = "<group>"; };
		5239B20F1F1DDA0200ECF63D /* ViewController.swift */ = {isa = PBXFileReference; lastKnownFileType = sourcecode.swift; path = ViewController.swift; sourceTree = "<group>"; };
		5239B2121F1DDA0200ECF63D /* Base */ = {isa = PBXFileReference; lastKnownFileType = file.storyboard; name = Base; path = Base.lproj/Main.storyboard; sourceTree = "<group>"; };
		5239B2151F1DDA0200ECF63D /* NSFWords.xcdatamodel */ = {isa = PBXFileReference; lastKnownFileType = wrapper.xcdatamodel; path = NSFWords.xcdatamodel; sourceTree = "<group>"; };
		5239B2171F1DDA0200ECF63D /* Assets.xcassets */ = {isa = PBXFileReference; lastKnownFileType = folder.assetcatalog; path = Assets.xcassets; sourceTree = "<group>"; };
		5239B21A1F1DDA0200ECF63D /* Base */ = {isa = PBXFileReference; lastKnownFileType = file.storyboard; name = Base; path = Base.lproj/LaunchScreen.storyboard; sourceTree = "<group>"; };
		5239B21C1F1DDA0200ECF63D /* Info.plist */ = {isa = PBXFileReference; lastKnownFileType = text.plist.xml; path = Info.plist; sourceTree = "<group>"; };
		5239B2211F1DDA0300ECF63D /* NSFWordsTests.xctest */ = {isa = PBXFileReference; explicitFileType = wrapper.cfbundle; includeInIndex = 0; path = NSFWordsTests.xctest; sourceTree = BUILT_PRODUCTS_DIR; };
		5239B2251F1DDA0300ECF63D /* NSFWordsTests.swift */ = {isa = PBXFileReference; lastKnownFileType = sourcecode.swift; path = NSFWordsTests.swift; sourceTree = "<group>"; };
		5239B2271F1DDA0300ECF63D /* Info.plist */ = {isa = PBXFileReference; lastKnownFileType = text.plist.xml; path = Info.plist; sourceTree = "<group>"; };
		5239B2311F1EF9FF00ECF63D /* ClueWord.swift */ = {isa = PBXFileReference; fileEncoding = 4; lastKnownFileType = sourcecode.swift; path = ClueWord.swift; sourceTree = "<group>"; };
		5239B2331F1EFCC400ECF63D /* ClueManager.swift */ = {isa = PBXFileReference; fileEncoding = 4; lastKnownFileType = sourcecode.swift; path = ClueManager.swift; sourceTree = "<group>"; };
/* End PBXFileReference section */

/* Begin PBXFrameworksBuildPhase section */
		5239B2071F1DDA0100ECF63D /* Frameworks */ = {
			isa = PBXFrameworksBuildPhase;
			buildActionMask = 2147483647;
			files = (
			);
			runOnlyForDeploymentPostprocessing = 0;
		};
		5239B21E1F1DDA0200ECF63D /* Frameworks */ = {
			isa = PBXFrameworksBuildPhase;
			buildActionMask = 2147483647;
			files = (
			);
			runOnlyForDeploymentPostprocessing = 0;
		};
/* End PBXFrameworksBuildPhase section */

/* Begin PBXGroup section */
		521BA0A41F2052CC00BEA768 /* WordLists */ = {
			isa = PBXGroup;
			children = (
				521BA0A51F20533700BEA768 /* Test_Words.plist */,
				5207A0EE1F21A53B002A2838 /* NSFW_Words.plist */,
				5207A0F01F21B098002A2838 /* Family_Words.plist */,
			);
			name = WordLists;
			sourceTree = "<group>";
		};
		5239B2011F1DDA0100ECF63D = {
			isa = PBXGroup;
			children = (
				5239B20C1F1DDA0200ECF63D /* NSFWords */,
				5239B2241F1DDA0300ECF63D /* NSFWordsTests */,
				5239B20B1F1DDA0200ECF63D /* Products */,
			);
			sourceTree = "<group>";
		};
		5239B20B1F1DDA0200ECF63D /* Products */ = {
			isa = PBXGroup;
			children = (
				5239B20A1F1DDA0200ECF63D /* NSFWords.app */,
				5239B2211F1DDA0300ECF63D /* NSFWordsTests.xctest */,
			);
			name = Products;
			sourceTree = "<group>";
		};
		5239B20C1F1DDA0200ECF63D /* NSFWords */ = {
			isa = PBXGroup;
			children = (
				521BA0A41F2052CC00BEA768 /* WordLists */,
				5239B2301F1EF94F00ECF63D /* Models */,
				5239B20D1F1DDA0200ECF63D /* AppDelegate.swift */,
				5207A0F81F243494002A2838 /* GamePlayViewController.swift */,
				5239B20F1F1DDA0200ECF63D /* ViewController.swift */,
				5239B2111F1DDA0200ECF63D /* Main.storyboard */,
				5239B2171F1DDA0200ECF63D /* Assets.xcassets */,
				5239B2191F1DDA0200ECF63D /* LaunchScreen.storyboard */,
				5239B21C1F1DDA0200ECF63D /* Info.plist */,
				5239B2141F1DDA0200ECF63D /* NSFWords.xcdatamodeld */,
			);
			path = NSFWords;
			sourceTree = "<group>";
		};
		5239B2241F1DDA0300ECF63D /* NSFWordsTests */ = {
			isa = PBXGroup;
			children = (
				5239B2251F1DDA0300ECF63D /* NSFWordsTests.swift */,
				5239B2271F1DDA0300ECF63D /* Info.plist */,
			);
			path = NSFWordsTests;
			sourceTree = "<group>";
		};
		5239B2301F1EF94F00ECF63D /* Models */ = {
			isa = PBXGroup;
			children = (
				5239B2311F1EF9FF00ECF63D /* ClueWord.swift */,
				5239B2331F1EFCC400ECF63D /* ClueManager.swift */,
				521BA0A71F20562B00BEA768 /* WordPListParser.swift */,
				5207A0F21F21D48C002A2838 /* RandomTimer.swift */,
			);
			name = Models;
			sourceTree = "<group>";
		};
/* End PBXGroup section */

/* Begin PBXNativeTarget section */
		5239B2091F1DDA0100ECF63D /* NSFWords */ = {
			isa = PBXNativeTarget;
			buildConfigurationList = 5239B22A1F1DDA0300ECF63D /* Build configuration list for PBXNativeTarget "NSFWords" */;
			buildPhases = (
				5239B2061F1DDA0100ECF63D /* Sources */,
				5239B2071F1DDA0100ECF63D /* Frameworks */,
				5239B2081F1DDA0100ECF63D /* Resources */,
			);
			buildRules = (
			);
			dependencies = (
			);
			name = NSFWords;
			productName = NSFWords;
			productReference = 5239B20A1F1DDA0200ECF63D /* NSFWords.app */;
			productType = "com.apple.product-type.application";
		};
		5239B2201F1DDA0200ECF63D /* NSFWordsTests */ = {
			isa = PBXNativeTarget;
			buildConfigurationList = 5239B22D1F1DDA0300ECF63D /* Build configuration list for PBXNativeTarget "NSFWordsTests" */;
			buildPhases = (
				5239B21D1F1DDA0200ECF63D /* Sources */,
				5239B21E1F1DDA0200ECF63D /* Frameworks */,
				5239B21F1F1DDA0200ECF63D /* Resources */,
			);
			buildRules = (
			);
			dependencies = (
				5239B2231F1DDA0300ECF63D /* PBXTargetDependency */,
			);
			name = NSFWordsTests;
			productName = NSFWordsTests;
			productReference = 5239B2211F1DDA0300ECF63D /* NSFWordsTests.xctest */;
			productType = "com.apple.product-type.bundle.unit-test";
		};
/* End PBXNativeTarget section */

/* Begin PBXProject section */
		5239B2021F1DDA0100ECF63D /* Project object */ = {
			isa = PBXProject;
			attributes = {
				LastSwiftUpdateCheck = 0820;
				LastUpgradeCheck = 0820;
				ORGANIZATIONNAME = "Jeff Fermon";
				TargetAttributes = {
					5239B2091F1DDA0100ECF63D = {
						CreatedOnToolsVersion = 8.2.1;
						DevelopmentTeam = 3N2TRZ74AF;
						ProvisioningStyle = Automatic;
					};
					5239B2201F1DDA0200ECF63D = {
						CreatedOnToolsVersion = 8.2.1;
						ProvisioningStyle = Automatic;
						TestTargetID = 5239B2091F1DDA0100ECF63D;
					};
				};
			};
			buildConfigurationList = 5239B2051F1DDA0100ECF63D /* Build configuration list for PBXProject "NSFWords" */;
			compatibilityVersion = "Xcode 3.2";
			developmentRegion = English;
			hasScannedForEncodings = 0;
			knownRegions = (
				en,
				Base,
			);
			mainGroup = 5239B2011F1DDA0100ECF63D;
			productRefGroup = 5239B20B1F1DDA0200ECF63D /* Products */;
			projectDirPath = "";
			projectRoot = "";
			targets = (
				5239B2091F1DDA0100ECF63D /* NSFWords */,
				5239B2201F1DDA0200ECF63D /* NSFWordsTests */,
			);
		};
/* End PBXProject section */

/* Begin PBXResourcesBuildPhase section */
		5239B2081F1DDA0100ECF63D /* Resources */ = {
			isa = PBXResourcesBuildPhase;
			buildActionMask = 2147483647;
			files = (
				5239B21B1F1DDA0200ECF63D /* LaunchScreen.storyboard in Resources */,
				5207A0EF1F21A53B002A2838 /* NSFW_Words.plist in Resources */,
				5207A0F11F21B098002A2838 /* Family_Words.plist in Resources */,
				5239B2181F1DDA0200ECF63D /* Assets.xcassets in Resources */,
				521BA0A61F20533700BEA768 /* Test_Words.plist in Resources */,
				5239B2131F1DDA0200ECF63D /* Main.storyboard in Resources */,
			);
			runOnlyForDeploymentPostprocessing = 0;
		};
		5239B21F1F1DDA0200ECF63D /* Resources */ = {
			isa = PBXResourcesBuildPhase;
			buildActionMask = 2147483647;
			files = (
			);
			runOnlyForDeploymentPostprocessing = 0;
		};
/* End PBXResourcesBuildPhase section */

/* Begin PBXSourcesBuildPhase section */
		5239B2061F1DDA0100ECF63D /* Sources */ = {
			isa = PBXSourcesBuildPhase;
			buildActionMask = 2147483647;
			files = (
				5207A0F31F21D48C002A2838 /* RandomTimer.swift in Sources */,
				5239B2161F1DDA0200ECF63D /* NSFWords.xcdatamodeld in Sources */,
				5239B2101F1DDA0200ECF63D /* ViewController.swift in Sources */,
				5239B2321F1EF9FF00ECF63D /* ClueWord.swift in Sources */,
				5239B20E1F1DDA0200ECF63D /* AppDelegate.swift in Sources */,
				5239B2341F1EFCC400ECF63D /* ClueManager.swift in Sources */,
				5207A0F91F243494002A2838 /* GamePlayViewController.swift in Sources */,
				521BA0A81F20562B00BEA768 /* WordPListParser.swift in Sources */,
			);
			runOnlyForDeploymentPostprocessing = 0;
		};
		5239B21D1F1DDA0200ECF63D /* Sources */ = {
			isa = PBXSourcesBuildPhase;
			buildActionMask = 2147483647;
			files = (
				5239B2261F1DDA0300ECF63D /* NSFWordsTests.swift in Sources */,
			);
			runOnlyForDeploymentPostprocessing = 0;
		};
/* End PBXSourcesBuildPhase section */

/* Begin PBXTargetDependency section */
		5239B2231F1DDA0300ECF63D /* PBXTargetDependency */ = {
			isa = PBXTargetDependency;
			target = 5239B2091F1DDA0100ECF63D /* NSFWords */;
			targetProxy = 5239B2221F1DDA0300ECF63D /* PBXContainerItemProxy */;
		};
/* End PBXTargetDependency section */

/* Begin PBXVariantGroup section */
		5239B2111F1DDA0200ECF63D /* Main.storyboard */ = {
			isa = PBXVariantGroup;
			children = (
				5239B2121F1DDA0200ECF63D /* Base */,
			);
			name = Main.storyboard;
			sourceTree = "<group>";
		};
		5239B2191F1DDA0200ECF63D /* LaunchScreen.storyboard */ = {
			isa = PBXVariantGroup;
			children = (
				5239B21A1F1DDA0200ECF63D /* Base */,
			);
			name = LaunchScreen.storyboard;
			sourceTree = "<group>";
		};
/* End PBXVariantGroup section */

/* Begin XCBuildConfiguration section */
		5239B2281F1DDA0300ECF63D /* Debug */ = {
			isa = XCBuildConfiguration;
			buildSettings = {
				ALWAYS_SEARCH_USER_PATHS = NO;
				CLANG_ANALYZER_NONNULL = YES;
				CLANG_CXX_LANGUAGE_STANDARD = "gnu++0x";
				CLANG_CXX_LIBRARY = "libc++";
				CLANG_ENABLE_MODULES = YES;
				CLANG_ENABLE_OBJC_ARC = YES;
				CLANG_WARN_BOOL_CONVERSION = YES;
				CLANG_WARN_CONSTANT_CONVERSION = YES;
				CLANG_WARN_DIRECT_OBJC_ISA_USAGE = YES_ERROR;
				CLANG_WARN_DOCUMENTATION_COMMENTS = YES;
				CLANG_WARN_EMPTY_BODY = YES;
				CLANG_WARN_ENUM_CONVERSION = YES;
				CLANG_WARN_INFINITE_RECURSION = YES;
				CLANG_WARN_INT_CONVERSION = YES;
				CLANG_WARN_OBJC_ROOT_CLASS = YES_ERROR;
				CLANG_WARN_SUSPICIOUS_MOVE = YES;
				CLANG_WARN_UNREACHABLE_CODE = YES;
				CLANG_WARN__DUPLICATE_METHOD_MATCH = YES;
				"CODE_SIGN_IDENTITY[sdk=iphoneos*]" = "iPhone Developer";
				COPY_PHASE_STRIP = NO;
				DEBUG_INFORMATION_FORMAT = dwarf;
				ENABLE_STRICT_OBJC_MSGSEND = YES;
				ENABLE_TESTABILITY = YES;
				GCC_C_LANGUAGE_STANDARD = gnu99;
				GCC_DYNAMIC_NO_PIC = NO;
				GCC_NO_COMMON_BLOCKS = YES;
				GCC_OPTIMIZATION_LEVEL = 0;
				GCC_PREPROCESSOR_DEFINITIONS = (
					"DEBUG=1",
					"$(inherited)",
				);
				GCC_WARN_64_TO_32_BIT_CONVERSION = YES;
				GCC_WARN_ABOUT_RETURN_TYPE = YES_ERROR;
				GCC_WARN_UNDECLARED_SELECTOR = YES;
				GCC_WARN_UNINITIALIZED_AUTOS = YES_AGGRESSIVE;
				GCC_WARN_UNUSED_FUNCTION = YES;
				GCC_WARN_UNUSED_VARIABLE = YES;
				IPHONEOS_DEPLOYMENT_TARGET = 10.2;
				MTL_ENABLE_DEBUG_INFO = YES;
				ONLY_ACTIVE_ARCH = YES;
				SDKROOT = iphoneos;
				SWIFT_ACTIVE_COMPILATION_CONDITIONS = DEBUG;
				SWIFT_OPTIMIZATION_LEVEL = "-Onone";
				TARGETED_DEVICE_FAMILY = "1,2";
			};
			name = Debug;
		};
		5239B2291F1DDA0300ECF63D /* Release */ = {
			isa = XCBuildConfiguration;
			buildSettings = {
				ALWAYS_SEARCH_USER_PATHS = NO;
				CLANG_ANALYZER_NONNULL = YES;
				CLANG_CXX_LANGUAGE_STANDARD = "gnu++0x";
				CLANG_CXX_LIBRARY = "libc++";
				CLANG_ENABLE_MODULES = YES;
				CLANG_ENABLE_OBJC_ARC = YES;
				CLANG_WARN_BOOL_CONVERSION = YES;
				CLANG_WARN_CONSTANT_CONVERSION = YES;
				CLANG_WARN_DIRECT_OBJC_ISA_USAGE = YES_ERROR;
				CLANG_WARN_DOCUMENTATION_COMMENTS = YES;
				CLANG_WARN_EMPTY_BODY = YES;
				CLANG_WARN_ENUM_CONVERSION = YES;
				CLANG_WARN_INFINITE_RECURSION = YES;
				CLANG_WARN_INT_CONVERSION = YES;
				CLANG_WARN_OBJC_ROOT_CLASS = YES_ERROR;
				CLANG_WARN_SUSPICIOUS_MOVE = YES;
				CLANG_WARN_UNREACHABLE_CODE = YES;
				CLANG_WARN__DUPLICATE_METHOD_MATCH = YES;
				"CODE_SIGN_IDENTITY[sdk=iphoneos*]" = "iPhone Developer";
				COPY_PHASE_STRIP = NO;
				DEBUG_INFORMATION_FORMAT = "dwarf-with-dsym";
				ENABLE_NS_ASSERTIONS = NO;
				ENABLE_STRICT_OBJC_MSGSEND = YES;
				GCC_C_LANGUAGE_STANDARD = gnu99;
				GCC_NO_COMMON_BLOCKS = YES;
				GCC_WARN_64_TO_32_BIT_CONVERSION = YES;
				GCC_WARN_ABOUT_RETURN_TYPE = YES_ERROR;
				GCC_WARN_UNDECLARED_SELECTOR = YES;
				GCC_WARN_UNINITIALIZED_AUTOS = YES_AGGRESSIVE;
				GCC_WARN_UNUSED_FUNCTION = YES;
				GCC_WARN_UNUSED_VARIABLE = YES;
				IPHONEOS_DEPLOYMENT_TARGET = 10.2;
				MTL_ENABLE_DEBUG_INFO = NO;
				SDKROOT = iphoneos;
				SWIFT_OPTIMIZATION_LEVEL = "-Owholemodule";
				TARGETED_DEVICE_FAMILY = "1,2";
				VALIDATE_PRODUCT = YES;
			};
			name = Release;
		};
		5239B22B1F1DDA0300ECF63D /* Debug */ = {
			isa = XCBuildConfiguration;
			buildSettings = {
				ASSETCATALOG_COMPILER_APPICON_NAME = AppIcon;
				DEVELOPMENT_TEAM = 3N2TRZ74AF;
				INFOPLIST_FILE = NSFWords/Info.plist;
				LD_RUNPATH_SEARCH_PATHS = "$(inherited) @executable_path/Frameworks";
				PRODUCT_BUNDLE_IDENTIFIER = com.FermonJeff.NSFWords;
				PRODUCT_NAME = "$(TARGET_NAME)";
				SWIFT_VERSION = 3.0;
			};
			name = Debug;
		};
		5239B22C1F1DDA0300ECF63D /* Release */ = {
			isa = XCBuildConfiguration;
			buildSettings = {
				ASSETCATALOG_COMPILER_APPICON_NAME = AppIcon;
				DEVELOPMENT_TEAM = 3N2TRZ74AF;
				INFOPLIST_FILE = NSFWords/Info.plist;
				LD_RUNPATH_SEARCH_PATHS = "$(inherited) @executable_path/Frameworks";
				PRODUCT_BUNDLE_IDENTIFIER = com.FermonJeff.NSFWords;
				PRODUCT_NAME = "$(TARGET_NAME)";
				SWIFT_VERSION = 3.0;
			};
			name = Release;
		};
		5239B22E1F1DDA0300ECF63D /* Debug */ = {
			isa = XCBuildConfiguration;
			buildSettings = {
				ALWAYS_EMBED_SWIFT_STANDARD_LIBRARIES = YES;
				BUNDLE_LOADER = "$(TEST_HOST)";
				INFOPLIST_FILE = NSFWordsTests/Info.plist;
				LD_RUNPATH_SEARCH_PATHS = "$(inherited) @executable_path/Frameworks @loader_path/Frameworks";
				PRODUCT_BUNDLE_IDENTIFIER = com.FermonJeff.NSFWordsTests;
				PRODUCT_NAME = "$(TARGET_NAME)";
				SWIFT_VERSION = 3.0;
				TEST_HOST = "$(BUILT_PRODUCTS_DIR)/NSFWords.app/NSFWords";
			};
			name = Debug;
		};
		5239B22F1F1DDA0300ECF63D /* Release */ = {
			isa = XCBuildConfiguration;
			buildSettings = {
				ALWAYS_EMBED_SWIFT_STANDARD_LIBRARIES = YES;
				BUNDLE_LOADER = "$(TEST_HOST)";
				INFOPLIST_FILE = NSFWordsTests/Info.plist;
				LD_RUNPATH_SEARCH_PATHS = "$(inherited) @executable_path/Frameworks @loader_path/Frameworks";
				PRODUCT_BUNDLE_IDENTIFIER = com.FermonJeff.NSFWordsTests;
				PRODUCT_NAME = "$(TARGET_NAME)";
				SWIFT_VERSION = 3.0;
				TEST_HOST = "$(BUILT_PRODUCTS_DIR)/NSFWords.app/NSFWords";
			};
			name = Release;
		};
/* End XCBuildConfiguration section */

/* Begin XCConfigurationList section */
		5239B2051F1DDA0100ECF63D /* Build configuration list for PBXProject "NSFWords" */ = {
			isa = XCConfigurationList;
			buildConfigurations = (
				5239B2281F1DDA0300ECF63D /* Debug */,
				5239B2291F1DDA0300ECF63D /* Release */,
			);
			defaultConfigurationIsVisible = 0;
			defaultConfigurationName = Release;
		};
		5239B22A1F1DDA0300ECF63D /* Build configuration list for PBXNativeTarget "NSFWords" */ = {
			isa = XCConfigurationList;
			buildConfigurations = (
				5239B22B1F1DDA0300ECF63D /* Debug */,
				5239B22C1F1DDA0300ECF63D /* Release */,
			);
			defaultConfigurationIsVisible = 0;
			defaultConfigurationName = Release;
		};
		5239B22D1F1DDA0300ECF63D /* Build configuration list for PBXNativeTarget "NSFWordsTests" */ = {
			isa = XCConfigurationList;
			buildConfigurations = (
				5239B22E1F1DDA0300ECF63D /* Debug */,
				5239B22F1F1DDA0300ECF63D /* Release */,
			);
			defaultConfigurationIsVisible = 0;
			defaultConfigurationName = Release;
		};
/* End XCConfigurationList section */

/* Begin XCVersionGroup section */
		5239B2141F1DDA0200ECF63D /* NSFWords.xcdatamodeld */ = {
			isa = XCVersionGroup;
			children = (
				5239B2151F1DDA0200ECF63D /* NSFWords.xcdatamodel */,
			);
			currentVersion = 5239B2151F1DDA0200ECF63D /* NSFWords.xcdatamodel */;
			path = NSFWords.xcdatamodeld;
			sourceTree = "<group>";
			versionGroupType = wrapper.xcdatamodel;
		};
/* End XCVersionGroup section */
	};
	rootObject = 5239B2021F1DDA0100ECF63D /* Project object */;
}
